
Microsoft Visual Studio Solution File, Format Version 12.00
# Visual Studio Version 16
VisualStudioVersion = 16.0.29806.167
MinimumVisualStudioVersion = 10.0.40219.1
Project("{FAE04EC0-301F-11D3-BF4B-00C04F79EFBC}") = "InputFix", "InputFix\InputFix.csproj", "{BE02D0DB-F425-482B-A97C-A7B7963C803A}"
EndProject
Project("{8BC9CEB8-8B4A-11D0-8D11-00A0C91BC942}") = "TSF", "TSF\TSF.vcxproj", "{B63D4FD2-837E-4A11-9907-9C33383FB3BF}"
EndProject
Project("{FAE04EC0-301F-11D3-BF4B-00C04F79EFBC}") = "STALauncher", "STALauncher\STALauncher.csproj", "{B6309CDD-33AF-4F06-BE61-A9796D9F1EA7}"
EndProject
Project("{FAE04EC0-301F-11D3-BF4B-00C04F79EFBC}") = "StardewValleyFixDemo", "StardewValleyFixDemo\StardewValleyFixDemo.csproj", "{9E7E9F29-CE4B-4D64-8229-DC394B491FF4}"
EndProject
Project("{9A19103F-16F7-4668-BE54-9A1E7A4F7556}") = "Patcher", "Patcher\Patcher.csproj", "{F38B38C0-FF31-46F3-904C-9BC3C7BFA748}"
EndProject
Project("{FAE04EC0-301F-11D3-BF4B-00C04F79EFBC}") = "BsDiff", "..\bsdiff.net\src\bsdiff\BsDiff.csproj", "{81057D08-D450-4757-BD10-53B0DFEA330B}"
EndProject
Global
	GlobalSection(SolutionConfigurationPlatforms) = preSolution
		Debug|Any CPU = Debug|Any CPU
		Debug|x64 = Debug|x64
		Debug|x86 = Debug|x86
		Release|Any CPU = Release|Any CPU
		Release|x64 = Release|x64
		Release|x86 = Release|x86
	EndGlobalSection
	GlobalSection(ProjectConfigurationPlatforms) = postSolution
		{BE02D0DB-F425-482B-A97C-A7B7963C803A}.Debug|Any CPU.ActiveCfg = Debug|x86
		{BE02D0DB-F425-482B-A97C-A7B7963C803A}.Debug|x64.ActiveCfg = Debug|x86
		{BE02D0DB-F425-482B-A97C-A7B7963C803A}.Debug|x86.ActiveCfg = Debug|x86
		{BE02D0DB-F425-482B-A97C-A7B7963C803A}.Debug|x86.Build.0 = Debug|x86
		{BE02D0DB-F425-482B-A97C-A7B7963C803A}.Release|Any CPU.ActiveCfg = Release|x86
		{BE02D0DB-F425-482B-A97C-A7B7963C803A}.Release|x64.ActiveCfg = Release|x86
		{BE02D0DB-F425-482B-A97C-A7B7963C803A}.Release|x86.ActiveCfg = Release|x86
		{BE02D0DB-F425-482B-A97C-A7B7963C803A}.Release|x86.Build.0 = Release|x86
		{B63D4FD2-837E-4A11-9907-9C33383FB3BF}.Debug|Any CPU.ActiveCfg = Debug|Win32
		{B63D4FD2-837E-4A11-9907-9C33383FB3BF}.Debug|x64.ActiveCfg = Debug|x64
		{B63D4FD2-837E-4A11-9907-9C33383FB3BF}.Debug|x64.Build.0 = Debug|x64
		{B63D4FD2-837E-4A11-9907-9C33383FB3BF}.Debug|x86.ActiveCfg = Debug|Win32
		{B63D4FD2-837E-4A11-9907-9C33383FB3BF}.Debug|x86.Build.0 = Debug|Win32
		{B63D4FD2-837E-4A11-9907-9C33383FB3BF}.Release|Any CPU.ActiveCfg = Release|Win32
		{B63D4FD2-837E-4A11-9907-9C33383FB3BF}.Release|x64.ActiveCfg = Release|x64
		{B63D4FD2-837E-4A11-9907-9C33383FB3BF}.Release|x64.Build.0 = Release|x64
		{B63D4FD2-837E-4A11-9907-9C33383FB3BF}.Release|x86.ActiveCfg = Release|Win32
		{B63D4FD2-837E-4A11-9907-9C33383FB3BF}.Release|x86.Build.0 = Release|Win32
		{B6309CDD-33AF-4F06-BE61-A9796D9F1EA7}.Debug|Any CPU.ActiveCfg = Debug|Any CPU
		{B6309CDD-33AF-4F06-BE61-A9796D9F1EA7}.Debug|Any CPU.Build.0 = Debug|Any CPU
		{B6309CDD-33AF-4F06-BE61-A9796D9F1EA7}.Debug|x64.ActiveCfg = Debug|Any CPU
		{B6309CDD-33AF-4F06-BE61-A9796D9F1EA7}.Debug|x64.Build.0 = Debug|Any CPU
		{B6309CDD-33AF-4F06-BE61-A9796D9F1EA7}.Debug|x86.ActiveCfg = Debug|Any CPU
		{B6309CDD-33AF-4F06-BE61-A9796D9F1EA7}.Debug|x86.Build.0 = Debug|Any CPU
		{B6309CDD-33AF-4F06-BE61-A9796D9F1EA7}.Release|Any CPU.ActiveCfg = Release|Any CPU
		{B6309CDD-33AF-4F06-BE61-A9796D9F1EA7}.Release|Any CPU.Build.0 = Release|Any CPU
		{B6309CDD-33AF-4F06-BE61-A9796D9F1EA7}.Release|x64.ActiveCfg = Release|Any CPU
		{B6309CDD-33AF-4F06-BE61-A9796D9F1EA7}.Release|x64.Build.0 = Release|Any CPU
		{B6309CDD-33AF-4F06-BE61-A9796D9F1EA7}.Release|x86.ActiveCfg = Release|Any CPU
		{B6309CDD-33AF-4F06-BE61-A9796D9F1EA7}.Release|x86.Build.0 = Release|Any CPU
		{9E7E9F29-CE4B-4D64-8229-DC394B491FF4}.Debug|Any CPU.ActiveCfg = Debug|x86
		{9E7E9F29-CE4B-4D64-8229-DC394B491FF4}.Debug|x64.ActiveCfg = Debug|x86
		{9E7E9F29-CE4B-4D64-8229-DC394B491FF4}.Debug|x86.ActiveCfg = Debug|x86
		{9E7E9F29-CE4B-4D64-8229-DC394B491FF4}.Debug|x86.Build.0 = Debug|x86
		{9E7E9F29-CE4B-4D64-8229-DC394B491FF4}.Release|Any CPU.ActiveCfg = Release|x86
		{9E7E9F29-CE4B-4D64-8229-DC394B491FF4}.Release|x64.ActiveCfg = Release|x86
		{9E7E9F29-CE4B-4D64-8229-DC394B491FF4}.Release|x86.ActiveCfg = Release|x86
		{9E7E9F29-CE4B-4D64-8229-DC394B491FF4}.Release|x86.Build.0 = Release|x86
		{F38B38C0-FF31-46F3-904C-9BC3C7BFA748}.Debug|Any CPU.ActiveCfg = Debug|Any CPU
		{F38B38C0-FF31-46F3-904C-9BC3C7BFA748}.Debug|Any CPU.Build.0 = Debug|Any CPU
		{F38B38C0-FF31-46F3-904C-9BC3C7BFA748}.Debug|x64.ActiveCfg = Debug|Any CPU
		{F38B38C0-FF31-46F3-904C-9BC3C7BFA748}.Debug|x64.Build.0 = Debug|Any CPU
		{F38B38C0-FF31-46F3-904C-9BC3C7BFA748}.Debug|x86.ActiveCfg = Debug|Any CPU
		{F38B38C0-FF31-46F3-904C-9BC3C7BFA748}.Debug|x86.Build.0 = Debug|Any CPU
		{F38B38C0-FF31-46F3-904C-9BC3C7BFA748}.Release|Any CPU.ActiveCfg = Release|Any CPU
		{F38B38C0-FF31-46F3-904C-9BC3C7BFA748}.Release|Any CPU.Build.0 = Release|Any CPU
		{F38B38C0-FF31-46F3-904C-9BC3C7BFA748}.Release|x64.ActiveCfg = Release|Any CPU
		{F38B38C0-FF31-46F3-904C-9BC3C7BFA748}.Release|x64.Build.0 = Release|Any CPU
		{F38B38C0-FF31-46F3-904C-9BC3C7BFA748}.Release|x86.ActiveCfg = Release|Any CPU
		{F38B38C0-FF31-46F3-904C-9BC3C7BFA748}.Release|x86.Build.0 = Release|Any CPU
		{81057D08-D450-4757-BD10-53B0DFEA330B}.Debug|Any CPU.ActiveCfg = Debug|Any CPU
		{81057D08-D450-4757-BD10-53B0DFEA330B}.Debug|Any CPU.Build.0 = Debug|Any CPU
		{81057D08-D450-4757-BD10-53B0DFEA330B}.Debug|x64.ActiveCfg = Debug|Any CPU
		{81057D08-D450-4757-BD10-53B0DFEA330B}.Debug|x64.Build.0 = Debug|Any CPU
		{81057D08-D450-4757-BD10-53B0DFEA330B}.Debug|x86.ActiveCfg = Debug|Any CPU
		{81057D08-D450-4757-BD10-53B0DFEA330B}.Debug|x86.Build.0 = Debug|Any CPU
		{81057D08-D450-4757-BD10-53B0DFEA330B}.Release|Any CPU.ActiveCfg = Release|Any CPU
		{81057D08-D450-4757-BD10-53B0DFEA330B}.Release|Any CPU.Build.0 = Release|Any CPU
		{81057D08-D450-4757-BD10-53B0DFEA330B}.Release|x64.ActiveCfg = Release|Any CPU
		{81057D08-D450-4757-BD10-53B0DFEA330B}.Release|x64.Build.0 = Release|Any CPU
		{81057D08-D450-4757-BD10-53B0DFEA330B}.Release|x86.ActiveCfg = Release|Any CPU
		{81057D08-D450-4757-BD10-53B0DFEA330B}.Release|x86.Build.0 = Release|Any CPU
	EndGlobalSection
	GlobalSection(SolutionProperties) = preSolution
		HideSolutionNode = FALSE
	EndGlobalSection
	GlobalSection(ExtensibilityGlobals) = postSolution
		SolutionGuid = {80AAFCA0-452B-49C0-AA78-194EA91721BC}
	EndGlobalSection
EndGlobal
